// !$*UTF8*$!
{
	archiveVersion = 1;
	classes = {
	};
	objectVersion = 46;
	objects = {

/* Begin PBXBuildFile section */
		260804DB1CE0D9D20094DBA1 /* RCCToolBar.m in Sources */ = {isa = PBXBuildFile; fileRef = 260804DA1CE0D9D20094DBA1 /* RCCToolBar.m */; };
		87264E811D5CCA040038D088 /* UIViewController+NavBarButtons.m in Sources */ = {isa = PBXBuildFile; fileRef = 87264E801D5CCA040038D088 /* UIViewController+NavBarButtons.m */; };
		87382E361D59C5EB0024F795 /* UIBarButtonItem+Badge.m in Sources */ = {isa = PBXBuildFile; fileRef = 87382E331D59C5EB0024F795 /* UIBarButtonItem+Badge.m */; };
		87382E3A1D5B600C0024F795 /* RCCEventEmitter.m in Sources */ = {isa = PBXBuildFile; fileRef = 87382E391D5B600C0024F795 /* RCCEventEmitter.m */; };
		875EC3D61DA3D60D008224B9 /* RCCTitleViewHelper.m in Sources */ = {isa = PBXBuildFile; fileRef = 875EC3D51DA3D60D008224B9 /* RCCTitleViewHelper.m */; };
		87B2A1441D5372B4001AAE68 /* ADBackFadeTransition.m in Sources */ = {isa = PBXBuildFile; fileRef = 87B2A1111D5372B4001AAE68 /* ADBackFadeTransition.m */; };
		87B2A1451D5372B4001AAE68 /* ADCarrouselTransition.m in Sources */ = {isa = PBXBuildFile; fileRef = 87B2A1131D5372B4001AAE68 /* ADCarrouselTransition.m */; };
		87B2A1461D5372B4001AAE68 /* ADCrossTransition.m in Sources */ = {isa = PBXBuildFile; fileRef = 87B2A1151D5372B4001AAE68 /* ADCrossTransition.m */; };
		87B2A1471D5372B4001AAE68 /* ADCubeTransition.m in Sources */ = {isa = PBXBuildFile; fileRef = 87B2A1171D5372B4001AAE68 /* ADCubeTransition.m */; };
		87B2A1481D5372B4001AAE68 /* ADDualTransition.m in Sources */ = {isa = PBXBuildFile; fileRef = 87B2A1191D5372B4001AAE68 /* ADDualTransition.m */; };
		87B2A1491D5372B4001AAE68 /* ADFadeTransition.m in Sources */ = {isa = PBXBuildFile; fileRef = 87B2A11B1D5372B4001AAE68 /* ADFadeTransition.m */; };
		87B2A14A1D5372B4001AAE68 /* ADFlipTransition.m in Sources */ = {isa = PBXBuildFile; fileRef = 87B2A11D1D5372B4001AAE68 /* ADFlipTransition.m */; };
		87B2A14B1D5372B4001AAE68 /* ADFoldTransition.m in Sources */ = {isa = PBXBuildFile; fileRef = 87B2A11F1D5372B4001AAE68 /* ADFoldTransition.m */; };
		87B2A14C1D5372B4001AAE68 /* ADGhostTransition.m in Sources */ = {isa = PBXBuildFile; fileRef = 87B2A1211D5372B4001AAE68 /* ADGhostTransition.m */; };
		87B2A14D1D5372B4001AAE68 /* ADGlueTransition.m in Sources */ = {isa = PBXBuildFile; fileRef = 87B2A1231D5372B4001AAE68 /* ADGlueTransition.m */; };
		87B2A14E1D5372B4001AAE68 /* ADModernPushTransition.m in Sources */ = {isa = PBXBuildFile; fileRef = 87B2A1251D5372B4001AAE68 /* ADModernPushTransition.m */; };
		87B2A14F1D5372B4001AAE68 /* ADNavigationControllerDelegate.m in Sources */ = {isa = PBXBuildFile; fileRef = 87B2A1271D5372B4001AAE68 /* ADNavigationControllerDelegate.m */; };
		87B2A1501D5372B4001AAE68 /* ADPushRotateTransition.m in Sources */ = {isa = PBXBuildFile; fileRef = 87B2A1291D5372B4001AAE68 /* ADPushRotateTransition.m */; };
		87B2A1511D5372B4001AAE68 /* ADScaleTransition.m in Sources */ = {isa = PBXBuildFile; fileRef = 87B2A12B1D5372B4001AAE68 /* ADScaleTransition.m */; };
		87B2A1521D5372B4001AAE68 /* ADSlideTransition.m in Sources */ = {isa = PBXBuildFile; fileRef = 87B2A12D1D5372B4001AAE68 /* ADSlideTransition.m */; };
		87B2A1531D5372B4001AAE68 /* ADSwapTransition.m in Sources */ = {isa = PBXBuildFile; fileRef = 87B2A12F1D5372B4001AAE68 /* ADSwapTransition.m */; };
		87B2A1541D5372B4001AAE68 /* ADSwipeFadeTransition.m in Sources */ = {isa = PBXBuildFile; fileRef = 87B2A1311D5372B4001AAE68 /* ADSwipeFadeTransition.m */; };
		87B2A1551D5372B4001AAE68 /* ADSwipeTransition.m in Sources */ = {isa = PBXBuildFile; fileRef = 87B2A1331D5372B4001AAE68 /* ADSwipeTransition.m */; };
		87B2A1561D5372B4001AAE68 /* ADTransformTransition.m in Sources */ = {isa = PBXBuildFile; fileRef = 87B2A1351D5372B4001AAE68 /* ADTransformTransition.m */; };
		87B2A1571D5372B4001AAE68 /* ADTransition.m in Sources */ = {isa = PBXBuildFile; fileRef = 87B2A1371D5372B4001AAE68 /* ADTransition.m */; };
		87B2A1581D5372B4001AAE68 /* ADTransitionController.m in Sources */ = {isa = PBXBuildFile; fileRef = 87B2A1391D5372B4001AAE68 /* ADTransitionController.m */; };
		87B2A1591D5372B4001AAE68 /* ADTransitioningDelegate.m in Sources */ = {isa = PBXBuildFile; fileRef = 87B2A13B1D5372B4001AAE68 /* ADTransitioningDelegate.m */; };
		87B2A15A1D5372B4001AAE68 /* ADTransitioningViewController.m in Sources */ = {isa = PBXBuildFile; fileRef = 87B2A13D1D5372B4001AAE68 /* ADTransitioningViewController.m */; };
		87B2A15B1D5372B4001AAE68 /* ADZoomTransition.m in Sources */ = {isa = PBXBuildFile; fileRef = 87B2A13F1D5372B4001AAE68 /* ADZoomTransition.m */; };
		87B2A15C1D5372B4001AAE68 /* UIViewController+ADTransitionController.m in Sources */ = {isa = PBXBuildFile; fileRef = 87B2A1411D5372B4001AAE68 /* UIViewController+ADTransitionController.m */; };
		87B2A15D1D5372B4001AAE68 /* RNCubeController.m in Sources */ = {isa = PBXBuildFile; fileRef = 87B2A1431D5372B4001AAE68 /* RNCubeController.m */; };
		87D2DE221D675C1200F44EDA /* FBKVOController.m in Sources */ = {isa = PBXBuildFile; fileRef = 87D2DE211D675C1200F44EDA /* FBKVOController.m */; };
		87D2DE261D675C9900F44EDA /* NSObject+FBKVOController.m in Sources */ = {isa = PBXBuildFile; fileRef = 87D2DE251D675C9900F44EDA /* NSObject+FBKVOController.m */; };
		87E94A241D65B78600B26FD6 /* UINavigationBar+PassTouches.m in Sources */ = {isa = PBXBuildFile; fileRef = 87E94A231D65B78600B26FD6 /* UINavigationBar+PassTouches.m */; };
		CC84A19E1C1A0C4E00B3A6A2 /* RCCManager.m in Sources */ = {isa = PBXBuildFile; fileRef = CC84A1941C1A0C4E00B3A6A2 /* RCCManager.m */; };
		CC84A19F1C1A0C4E00B3A6A2 /* RCCManagerModule.m in Sources */ = {isa = PBXBuildFile; fileRef = CC84A1961C1A0C4E00B3A6A2 /* RCCManagerModule.m */; };
		CC84A1A01C1A0C4E00B3A6A2 /* RCCNavigationController.m in Sources */ = {isa = PBXBuildFile; fileRef = CC84A1981C1A0C4E00B3A6A2 /* RCCNavigationController.m */; };
		CC84A1A11C1A0C4E00B3A6A2 /* RCCTabBarController.m in Sources */ = {isa = PBXBuildFile; fileRef = CC84A19A1C1A0C4E00B3A6A2 /* RCCTabBarController.m */; };
		CC84A1A21C1A0C4E00B3A6A2 /* RCCViewController.m in Sources */ = {isa = PBXBuildFile; fileRef = CC84A19C1C1A0C4E00B3A6A2 /* RCCViewController.m */; };
		D68557921D54177A004D1904 /* UIViewController+RCCBackButtonHandler.m in Sources */ = {isa = PBXBuildFile; fileRef = D68557911D54177A004D1904 /* UIViewController+RCCBackButtonHandler.m */; };
		D83514F61D29719A00D53758 /* RCCNotification.m in Sources */ = {isa = PBXBuildFile; fileRef = D83514F51D29719A00D53758 /* RCCNotification.m */; };
		D84813191C8C5EB700051BAF /* RCCLightBox.m in Sources */ = {isa = PBXBuildFile; fileRef = D84813181C8C5EB700051BAF /* RCCLightBox.m */; };
		D85082E11CBCF54200FDB961 /* RCCDrawerHelper.m in Sources */ = {isa = PBXBuildFile; fileRef = D85082CB1CBCF54200FDB961 /* RCCDrawerHelper.m */; };
		D85082E21CBCF54200FDB961 /* RCCTheSideBarManagerViewController.m in Sources */ = {isa = PBXBuildFile; fileRef = D85082CE1CBCF54200FDB961 /* RCCTheSideBarManagerViewController.m */; };
		D85082E31CBCF54200FDB961 /* SidebarAirbnbAnimation.m in Sources */ = {isa = PBXBuildFile; fileRef = D85082D21CBCF54200FDB961 /* SidebarAirbnbAnimation.m */; };
		D85082E41CBCF54200FDB961 /* SidebarAnimation.m in Sources */ = {isa = PBXBuildFile; fileRef = D85082D41CBCF54200FDB961 /* SidebarAnimation.m */; };
		D85082E51CBCF54200FDB961 /* SidebarFacebookAnimation.m in Sources */ = {isa = PBXBuildFile; fileRef = D85082D61CBCF54200FDB961 /* SidebarFacebookAnimation.m */; };
		D85082E61CBCF54200FDB961 /* SidebarFeedlyAnimation.m in Sources */ = {isa = PBXBuildFile; fileRef = D85082D81CBCF54200FDB961 /* SidebarFeedlyAnimation.m */; };
		D85082E71CBCF54200FDB961 /* SidebarFlipboardAnimation.m in Sources */ = {isa = PBXBuildFile; fileRef = D85082DA1CBCF54200FDB961 /* SidebarFlipboardAnimation.m */; };
		D85082E81CBCF54200FDB961 /* SidebarLuvocracyAnimation.m in Sources */ = {isa = PBXBuildFile; fileRef = D85082DC1CBCF54200FDB961 /* SidebarLuvocracyAnimation.m */; };
		D85082E91CBCF54200FDB961 /* SidebarWunderlistAnimation.m in Sources */ = {isa = PBXBuildFile; fileRef = D85082DE1CBCF54200FDB961 /* SidebarWunderlistAnimation.m */; };
		D85082EA1CBCF54200FDB961 /* TheSidebarController.m in Sources */ = {isa = PBXBuildFile; fileRef = D85082E01CBCF54200FDB961 /* TheSidebarController.m */; };
		D85082FC1CBCF8A800FDB961 /* MMDrawerBarButtonItem.m in Sources */ = {isa = PBXBuildFile; fileRef = D85082BE1CBCF42400FDB961 /* MMDrawerBarButtonItem.m */; };
		D85082FD1CBCF8A800FDB961 /* MMDrawerController.m in Sources */ = {isa = PBXBuildFile; fileRef = D85082C11CBCF42400FDB961 /* MMDrawerController.m */; };
		D85082FE1CBCF8A800FDB961 /* MMDrawerVisualState.m in Sources */ = {isa = PBXBuildFile; fileRef = D85082C31CBCF42400FDB961 /* MMDrawerVisualState.m */; };
		D85082FF1CBCF8A800FDB961 /* MMExampleDrawerVisualStateManager.m in Sources */ = {isa = PBXBuildFile; fileRef = D85082C51CBCF42400FDB961 /* MMExampleDrawerVisualStateManager.m */; };
		D85083001CBCF8A800FDB961 /* UIViewController+MMDrawerController.m in Sources */ = {isa = PBXBuildFile; fileRef = D85082C71CBCF42400FDB961 /* UIViewController+MMDrawerController.m */; };
		D8D779981D04B7180050CFEA /* RCTHelpers.m in Sources */ = {isa = PBXBuildFile; fileRef = D8D779971D04B7180050CFEA /* RCTHelpers.m */; };
		D8E11C571CBD1F670018B644 /* RCCDrawerController.m in Sources */ = {isa = PBXBuildFile; fileRef = D8E11C561CBD1F670018B644 /* RCCDrawerController.m */; };
/* End PBXBuildFile section */

/* Begin PBXCopyFilesBuildPhase section */
		D8AFADBB1BEE6F3F00A4592D /* CopyFiles */ = {
			isa = PBXCopyFilesBuildPhase;
			buildActionMask = 2147483647;
			dstPath = "include/$(PRODUCT_NAME)";
			dstSubfolderSpec = 16;
			files = (
			);
			runOnlyForDeploymentPostprocessing = 0;
		};
/* End PBXCopyFilesBuildPhase section */

/* Begin PBXFileReference section */
		260804D91CE0D9D20094DBA1 /* RCCToolBar.h */ = {isa = PBXFileReference; fileEncoding = 4; lastKnownFileType = sourcecode.c.h; path = RCCToolBar.h; sourceTree = "<group>"; };
		260804DA1CE0D9D20094DBA1 /* RCCToolBar.m */ = {isa = PBXFileReference; fileEncoding = 4; lastKnownFileType = sourcecode.c.objc; path = RCCToolBar.m; sourceTree = "<group>"; };
		87264E7F1D5CCA040038D088 /* UIViewController+NavBarButtons.h */ = {isa = PBXFileReference; fileEncoding = 4; lastKnownFileType = sourcecode.c.h; path = "UIViewController+NavBarButtons.h"; sourceTree = "<group>"; };
		87264E801D5CCA040038D088 /* UIViewController+NavBarButtons.m */ = {isa = PBXFileReference; fileEncoding = 4; lastKnownFileType = sourcecode.c.objc; path = "UIViewController+NavBarButtons.m"; sourceTree = "<group>"; };
		87382E321D59C5EB0024F795 /* UIBarButtonItem+Badge.h */ = {isa = PBXFileReference; fileEncoding = 4; lastKnownFileType = sourcecode.c.h; path = "UIBarButtonItem+Badge.h"; sourceTree = "<group>"; };
		87382E331D59C5EB0024F795 /* UIBarButtonItem+Badge.m */ = {isa = PBXFileReference; fileEncoding = 4; lastKnownFileType = sourcecode.c.objc; path = "UIBarButtonItem+Badge.m"; sourceTree = "<group>"; };
		87382E381D5B600C0024F795 /* RCCEventEmitter.h */ = {isa = PBXFileReference; fileEncoding = 4; lastKnownFileType = sourcecode.c.h; path = RCCEventEmitter.h; sourceTree = "<group>"; };
		87382E391D5B600C0024F795 /* RCCEventEmitter.m */ = {isa = PBXFileReference; fileEncoding = 4; lastKnownFileType = sourcecode.c.objc; path = RCCEventEmitter.m; sourceTree = "<group>"; };
		875EC3D41DA3D60D008224B9 /* RCCTitleViewHelper.h */ = {isa = PBXFileReference; fileEncoding = 4; lastKnownFileType = sourcecode.c.h; path = RCCTitleViewHelper.h; sourceTree = "<group>"; };
		875EC3D51DA3D60D008224B9 /* RCCTitleViewHelper.m */ = {isa = PBXFileReference; fileEncoding = 4; lastKnownFileType = sourcecode.c.objc; path = RCCTitleViewHelper.m; sourceTree = "<group>"; };
		87B2A1101D5372B4001AAE68 /* ADBackFadeTransition.h */ = {isa = PBXFileReference; fileEncoding = 4; lastKnownFileType = sourcecode.c.h; path = ADBackFadeTransition.h; sourceTree = "<group>"; };
		87B2A1111D5372B4001AAE68 /* ADBackFadeTransition.m */ = {isa = PBXFileReference; fileEncoding = 4; lastKnownFileType = sourcecode.c.objc; path = ADBackFadeTransition.m; sourceTree = "<group>"; };
		87B2A1121D5372B4001AAE68 /* ADCarrouselTransition.h */ = {isa = PBXFileReference; fileEncoding = 4; lastKnownFileType = sourcecode.c.h; path = ADCarrouselTransition.h; sourceTree = "<group>"; };
		87B2A1131D5372B4001AAE68 /* ADCarrouselTransition.m */ = {isa = PBXFileReference; fileEncoding = 4; lastKnownFileType = sourcecode.c.objc; path = ADCarrouselTransition.m; sourceTree = "<group>"; };
		87B2A1141D5372B4001AAE68 /* ADCrossTransition.h */ = {isa = PBXFileReference; fileEncoding = 4; lastKnownFileType = sourcecode.c.h; path = ADCrossTransition.h; sourceTree = "<group>"; };
		87B2A1151D5372B4001AAE68 /* ADCrossTransition.m */ = {isa = PBXFileReference; fileEncoding = 4; lastKnownFileType = sourcecode.c.objc; path = ADCrossTransition.m; sourceTree = "<group>"; };
		87B2A1161D5372B4001AAE68 /* ADCubeTransition.h */ = {isa = PBXFileReference; fileEncoding = 4; lastKnownFileType = sourcecode.c.h; path = ADCubeTransition.h; sourceTree = "<group>"; };
		87B2A1171D5372B4001AAE68 /* ADCubeTransition.m */ = {isa = PBXFileReference; fileEncoding = 4; lastKnownFileType = sourcecode.c.objc; path = ADCubeTransition.m; sourceTree = "<group>"; };
		87B2A1181D5372B4001AAE68 /* ADDualTransition.h */ = {isa = PBXFileReference; fileEncoding = 4; lastKnownFileType = sourcecode.c.h; path = ADDualTransition.h; sourceTree = "<group>"; };
		87B2A1191D5372B4001AAE68 /* ADDualTransition.m */ = {isa = PBXFileReference; fileEncoding = 4; lastKnownFileType = sourcecode.c.objc; path = ADDualTransition.m; sourceTree = "<group>"; };
		87B2A11A1D5372B4001AAE68 /* ADFadeTransition.h */ = {isa = PBXFileReference; fileEncoding = 4; lastKnownFileType = sourcecode.c.h; path = ADFadeTransition.h; sourceTree = "<group>"; };
		87B2A11B1D5372B4001AAE68 /* ADFadeTransition.m */ = {isa = PBXFileReference; fileEncoding = 4; lastKnownFileType = sourcecode.c.objc; path = ADFadeTransition.m; sourceTree = "<group>"; };
		87B2A11C1D5372B4001AAE68 /* ADFlipTransition.h */ = {isa = PBXFileReference; fileEncoding = 4; lastKnownFileType = sourcecode.c.h; path = ADFlipTransition.h; sourceTree = "<group>"; };
		87B2A11D1D5372B4001AAE68 /* ADFlipTransition.m */ = {isa = PBXFileReference; fileEncoding = 4; lastKnownFileType = sourcecode.c.objc; path = ADFlipTransition.m; sourceTree = "<group>"; };
		87B2A11E1D5372B4001AAE68 /* ADFoldTransition.h */ = {isa = PBXFileReference; fileEncoding = 4; lastKnownFileType = sourcecode.c.h; path = ADFoldTransition.h; sourceTree = "<group>"; };
		87B2A11F1D5372B4001AAE68 /* ADFoldTransition.m */ = {isa = PBXFileReference; fileEncoding = 4; lastKnownFileType = sourcecode.c.objc; path = ADFoldTransition.m; sourceTree = "<group>"; };
		87B2A1201D5372B4001AAE68 /* ADGhostTransition.h */ = {isa = PBXFileReference; fileEncoding = 4; lastKnownFileType = sourcecode.c.h; path = ADGhostTransition.h; sourceTree = "<group>"; };
		87B2A1211D5372B4001AAE68 /* ADGhostTransition.m */ = {isa = PBXFileReference; fileEncoding = 4; lastKnownFileType = sourcecode.c.objc; path = ADGhostTransition.m; sourceTree = "<group>"; };
		87B2A1221D5372B4001AAE68 /* ADGlueTransition.h */ = {isa = PBXFileReference; fileEncoding = 4; lastKnownFileType = sourcecode.c.h; path = ADGlueTransition.h; sourceTree = "<group>"; };
		87B2A1231D5372B4001AAE68 /* ADGlueTransition.m */ = {isa = PBXFileReference; fileEncoding = 4; lastKnownFileType = sourcecode.c.objc; path = ADGlueTransition.m; sourceTree = "<group>"; };
		87B2A1241D5372B4001AAE68 /* ADModernPushTransition.h */ = {isa = PBXFileReference; fileEncoding = 4; lastKnownFileType = sourcecode.c.h; path = ADModernPushTransition.h; sourceTree = "<group>"; };
		87B2A1251D5372B4001AAE68 /* ADModernPushTransition.m */ = {isa = PBXFileReference; fileEncoding = 4; lastKnownFileType = sourcecode.c.objc; path = ADModernPushTransition.m; sourceTree = "<group>"; };
		87B2A1261D5372B4001AAE68 /* ADNavigationControllerDelegate.h */ = {isa = PBXFileReference; fileEncoding = 4; lastKnownFileType = sourcecode.c.h; path = ADNavigationControllerDelegate.h; sourceTree = "<group>"; };
		87B2A1271D5372B4001AAE68 /* ADNavigationControllerDelegate.m */ = {isa = PBXFileReference; fileEncoding = 4; lastKnownFileType = sourcecode.c.objc; path = ADNavigationControllerDelegate.m; sourceTree = "<group>"; };
		87B2A1281D5372B4001AAE68 /* ADPushRotateTransition.h */ = {isa = PBXFileReference; fileEncoding = 4; lastKnownFileType = sourcecode.c.h; path = ADPushRotateTransition.h; sourceTree = "<group>"; };
		87B2A1291D5372B4001AAE68 /* ADPushRotateTransition.m */ = {isa = PBXFileReference; fileEncoding = 4; lastKnownFileType = sourcecode.c.objc; path = ADPushRotateTransition.m; sourceTree = "<group>"; };
		87B2A12A1D5372B4001AAE68 /* ADScaleTransition.h */ = {isa = PBXFileReference; fileEncoding = 4; lastKnownFileType = sourcecode.c.h; path = ADScaleTransition.h; sourceTree = "<group>"; };
		87B2A12B1D5372B4001AAE68 /* ADScaleTransition.m */ = {isa = PBXFileReference; fileEncoding = 4; lastKnownFileType = sourcecode.c.objc; path = ADScaleTransition.m; sourceTree = "<group>"; };
		87B2A12C1D5372B4001AAE68 /* ADSlideTransition.h */ = {isa = PBXFileReference; fileEncoding = 4; lastKnownFileType = sourcecode.c.h; path = ADSlideTransition.h; sourceTree = "<group>"; };
		87B2A12D1D5372B4001AAE68 /* ADSlideTransition.m */ = {isa = PBXFileReference; fileEncoding = 4; lastKnownFileType = sourcecode.c.objc; path = ADSlideTransition.m; sourceTree = "<group>"; };
		87B2A12E1D5372B4001AAE68 /* ADSwapTransition.h */ = {isa = PBXFileReference; fileEncoding = 4; lastKnownFileType = sourcecode.c.h; path = ADSwapTransition.h; sourceTree = "<group>"; };
		87B2A12F1D5372B4001AAE68 /* ADSwapTransition.m */ = {isa = PBXFileReference; fileEncoding = 4; lastKnownFileType = sourcecode.c.objc; path = ADSwapTransition.m; sourceTree = "<group>"; };
		87B2A1301D5372B4001AAE68 /* ADSwipeFadeTransition.h */ = {isa = PBXFileReference; fileEncoding = 4; lastKnownFileType = sourcecode.c.h; path = ADSwipeFadeTransition.h; sourceTree = "<group>"; };
		87B2A1311D5372B4001AAE68 /* ADSwipeFadeTransition.m */ = {isa = PBXFileReference; fileEncoding = 4; lastKnownFileType = sourcecode.c.objc; path = ADSwipeFadeTransition.m; sourceTree = "<group>"; };
		87B2A1321D5372B4001AAE68 /* ADSwipeTransition.h */ = {isa = PBXFileReference; fileEncoding = 4; lastKnownFileType = sourcecode.c.h; path = ADSwipeTransition.h; sourceTree = "<group>"; };
		87B2A1331D5372B4001AAE68 /* ADSwipeTransition.m */ = {isa = PBXFileReference; fileEncoding = 4; lastKnownFileType = sourcecode.c.objc; path = ADSwipeTransition.m; sourceTree = "<group>"; };
		87B2A1341D5372B4001AAE68 /* ADTransformTransition.h */ = {isa = PBXFileReference; fileEncoding = 4; lastKnownFileType = sourcecode.c.h; path = ADTransformTransition.h; sourceTree = "<group>"; };
		87B2A1351D5372B4001AAE68 /* ADTransformTransition.m */ = {isa = PBXFileReference; fileEncoding = 4; lastKnownFileType = sourcecode.c.objc; path = ADTransformTransition.m; sourceTree = "<group>"; };
		87B2A1361D5372B4001AAE68 /* ADTransition.h */ = {isa = PBXFileReference; fileEncoding = 4; lastKnownFileType = sourcecode.c.h; path = ADTransition.h; sourceTree = "<group>"; };
		87B2A1371D5372B4001AAE68 /* ADTransition.m */ = {isa = PBXFileReference; fileEncoding = 4; lastKnownFileType = sourcecode.c.objc; path = ADTransition.m; sourceTree = "<group>"; };
		87B2A1381D5372B4001AAE68 /* ADTransitionController.h */ = {isa = PBXFileReference; fileEncoding = 4; lastKnownFileType = sourcecode.c.h; path = ADTransitionController.h; sourceTree = "<group>"; };
		87B2A1391D5372B4001AAE68 /* ADTransitionController.m */ = {isa = PBXFileReference; fileEncoding = 4; lastKnownFileType = sourcecode.c.objc; path = ADTransitionController.m; sourceTree = "<group>"; };
		87B2A13A1D5372B4001AAE68 /* ADTransitioningDelegate.h */ = {isa = PBXFileReference; fileEncoding = 4; lastKnownFileType = sourcecode.c.h; path = ADTransitioningDelegate.h; sourceTree = "<group>"; };
		87B2A13B1D5372B4001AAE68 /* ADTransitioningDelegate.m */ = {isa = PBXFileReference; fileEncoding = 4; lastKnownFileType = sourcecode.c.objc; path = ADTransitioningDelegate.m; sourceTree = "<group>"; };
		87B2A13C1D5372B4001AAE68 /* ADTransitioningViewController.h */ = {isa = PBXFileReference; fileEncoding = 4; lastKnownFileType = sourcecode.c.h; path = ADTransitioningViewController.h; sourceTree = "<group>"; };
		87B2A13D1D5372B4001AAE68 /* ADTransitioningViewController.m */ = {isa = PBXFileReference; fileEncoding = 4; lastKnownFileType = sourcecode.c.objc; path = ADTransitioningViewController.m; sourceTree = "<group>"; };
		87B2A13E1D5372B4001AAE68 /* ADZoomTransition.h */ = {isa = PBXFileReference; fileEncoding = 4; lastKnownFileType = sourcecode.c.h; path = ADZoomTransition.h; sourceTree = "<group>"; };
		87B2A13F1D5372B4001AAE68 /* ADZoomTransition.m */ = {isa = PBXFileReference; fileEncoding = 4; lastKnownFileType = sourcecode.c.objc; path = ADZoomTransition.m; sourceTree = "<group>"; };
		87B2A1401D5372B4001AAE68 /* UIViewController+ADTransitionController.h */ = {isa = PBXFileReference; fileEncoding = 4; lastKnownFileType = sourcecode.c.h; path = "UIViewController+ADTransitionController.h"; sourceTree = "<group>"; };
		87B2A1411D5372B4001AAE68 /* UIViewController+ADTransitionController.m */ = {isa = PBXFileReference; fileEncoding = 4; lastKnownFileType = sourcecode.c.objc; path = "UIViewController+ADTransitionController.m"; sourceTree = "<group>"; };
		87B2A1421D5372B4001AAE68 /* RNCubeController.h */ = {isa = PBXFileReference; fileEncoding = 4; lastKnownFileType = sourcecode.c.h; name = RNCubeController.h; path = RNCubeController/RNCubeController.h; sourceTree = "<group>"; };
		87B2A1431D5372B4001AAE68 /* RNCubeController.m */ = {isa = PBXFileReference; fileEncoding = 4; lastKnownFileType = sourcecode.c.objc; name = RNCubeController.m; path = RNCubeController/RNCubeController.m; sourceTree = "<group>"; };
		87D2DE201D675C1200F44EDA /* FBKVOController.h */ = {isa = PBXFileReference; fileEncoding = 4; lastKnownFileType = sourcecode.c.h; path = FBKVOController.h; sourceTree = "<group>"; };
		87D2DE211D675C1200F44EDA /* FBKVOController.m */ = {isa = PBXFileReference; fileEncoding = 4; lastKnownFileType = sourcecode.c.objc; path = FBKVOController.m; sourceTree = "<group>"; };
		87D2DE231D675C9900F44EDA /* KVOController.h */ = {isa = PBXFileReference; fileEncoding = 4; lastKnownFileType = sourcecode.c.h; path = KVOController.h; sourceTree = "<group>"; };
		87D2DE241D675C9900F44EDA /* NSObject+FBKVOController.h */ = {isa = PBXFileReference; fileEncoding = 4; lastKnownFileType = sourcecode.c.h; path = "NSObject+FBKVOController.h"; sourceTree = "<group>"; };
		87D2DE251D675C9900F44EDA /* NSObject+FBKVOController.m */ = {isa = PBXFileReference; fileEncoding = 4; lastKnownFileType = sourcecode.c.objc; path = "NSObject+FBKVOController.m"; sourceTree = "<group>"; };
		87E94A221D65B78600B26FD6 /* UINavigationBar+PassTouches.h */ = {isa = PBXFileReference; fileEncoding = 4; lastKnownFileType = sourcecode.c.h; path = "UINavigationBar+PassTouches.h"; sourceTree = "<group>"; };
		87E94A231D65B78600B26FD6 /* UINavigationBar+PassTouches.m */ = {isa = PBXFileReference; fileEncoding = 4; lastKnownFileType = sourcecode.c.objc; path = "UINavigationBar+PassTouches.m"; sourceTree = "<group>"; };
		CC84A1931C1A0C4E00B3A6A2 /* RCCManager.h */ = {isa = PBXFileReference; fileEncoding = 4; lastKnownFileType = sourcecode.c.h; path = RCCManager.h; sourceTree = "<group>"; };
		CC84A1941C1A0C4E00B3A6A2 /* RCCManager.m */ = {isa = PBXFileReference; fileEncoding = 4; indentWidth = 2; lastKnownFileType = sourcecode.c.objc; path = RCCManager.m; sourceTree = "<group>"; tabWidth = 2; };
		CC84A1951C1A0C4E00B3A6A2 /* RCCManagerModule.h */ = {isa = PBXFileReference; fileEncoding = 4; lastKnownFileType = sourcecode.c.h; path = RCCManagerModule.h; sourceTree = "<group>"; };
		CC84A1961C1A0C4E00B3A6A2 /* RCCManagerModule.m */ = {isa = PBXFileReference; fileEncoding = 4; lastKnownFileType = sourcecode.c.objc; path = RCCManagerModule.m; sourceTree = "<group>"; };
		CC84A1971C1A0C4E00B3A6A2 /* RCCNavigationController.h */ = {isa = PBXFileReference; fileEncoding = 4; lastKnownFileType = sourcecode.c.h; path = RCCNavigationController.h; sourceTree = "<group>"; };
		CC84A1981C1A0C4E00B3A6A2 /* RCCNavigationController.m */ = {isa = PBXFileReference; fileEncoding = 4; indentWidth = 2; lastKnownFileType = sourcecode.c.objc; path = RCCNavigationController.m; sourceTree = "<group>"; tabWidth = 2; };
		CC84A1991C1A0C4E00B3A6A2 /* RCCTabBarController.h */ = {isa = PBXFileReference; fileEncoding = 4; lastKnownFileType = sourcecode.c.h; path = RCCTabBarController.h; sourceTree = "<group>"; };
		CC84A19A1C1A0C4E00B3A6A2 /* RCCTabBarController.m */ = {isa = PBXFileReference; fileEncoding = 4; indentWidth = 2; lastKnownFileType = sourcecode.c.objc; path = RCCTabBarController.m; sourceTree = "<group>"; tabWidth = 2; };
		CC84A19B1C1A0C4E00B3A6A2 /* RCCViewController.h */ = {isa = PBXFileReference; fileEncoding = 4; lastKnownFileType = sourcecode.c.h; path = RCCViewController.h; sourceTree = "<group>"; };
		CC84A19C1C1A0C4E00B3A6A2 /* RCCViewController.m */ = {isa = PBXFileReference; fileEncoding = 4; indentWidth = 2; lastKnownFileType = sourcecode.c.objc; path = RCCViewController.m; sourceTree = "<group>"; tabWidth = 2; };
		D68557901D541779004D1904 /* UIViewController+RCCBackButtonHandler.h */ = {isa = PBXFileReference; fileEncoding = 4; lastKnownFileType = sourcecode.c.h; path = "UIViewController+RCCBackButtonHandler.h"; sourceTree = "<group>"; };
		D68557911D54177A004D1904 /* UIViewController+RCCBackButtonHandler.m */ = {isa = PBXFileReference; fileEncoding = 4; lastKnownFileType = sourcecode.c.objc; path = "UIViewController+RCCBackButtonHandler.m"; sourceTree = "<group>"; };
		D800E8171CFED1DB004A187F /* RCCExternalViewControllerProtocol.h */ = {isa = PBXFileReference; fileEncoding = 4; lastKnownFileType = sourcecode.c.h; path = RCCExternalViewControllerProtocol.h; sourceTree = "<group>"; };
		D83514F41D29719A00D53758 /* RCCNotification.h */ = {isa = PBXFileReference; fileEncoding = 4; lastKnownFileType = sourcecode.c.h; path = RCCNotification.h; sourceTree = "<group>"; };
		D83514F51D29719A00D53758 /* RCCNotification.m */ = {isa = PBXFileReference; fileEncoding = 4; lastKnownFileType = sourcecode.c.objc; path = RCCNotification.m; sourceTree = "<group>"; };
		D84813171C8C5EB700051BAF /* RCCLightBox.h */ = {isa = PBXFileReference; fileEncoding = 4; lastKnownFileType = sourcecode.c.h; path = RCCLightBox.h; sourceTree = "<group>"; };
		D84813181C8C5EB700051BAF /* RCCLightBox.m */ = {isa = PBXFileReference; fileEncoding = 4; lastKnownFileType = sourcecode.c.objc; path = RCCLightBox.m; sourceTree = "<group>"; };
		D85082BD1CBCF42400FDB961 /* MMDrawerBarButtonItem.h */ = {isa = PBXFileReference; lastKnownFileType = sourcecode.c.h; path = MMDrawerBarButtonItem.h; sourceTree = "<group>"; };
		D85082BE1CBCF42400FDB961 /* MMDrawerBarButtonItem.m */ = {isa = PBXFileReference; lastKnownFileType = sourcecode.c.objc; path = MMDrawerBarButtonItem.m; sourceTree = "<group>"; };
		D85082BF1CBCF42400FDB961 /* MMDrawerController+Subclass.h */ = {isa = PBXFileReference; lastKnownFileType = sourcecode.c.h; path = "MMDrawerController+Subclass.h"; sourceTree = "<group>"; };
		D85082C01CBCF42400FDB961 /* MMDrawerController.h */ = {isa = PBXFileReference; lastKnownFileType = sourcecode.c.h; path = MMDrawerController.h; sourceTree = "<group>"; };
		D85082C11CBCF42400FDB961 /* MMDrawerController.m */ = {isa = PBXFileReference; lastKnownFileType = sourcecode.c.objc; path = MMDrawerController.m; sourceTree = "<group>"; };
		D85082C21CBCF42400FDB961 /* MMDrawerVisualState.h */ = {isa = PBXFileReference; lastKnownFileType = sourcecode.c.h; path = MMDrawerVisualState.h; sourceTree = "<group>"; };
		D85082C31CBCF42400FDB961 /* MMDrawerVisualState.m */ = {isa = PBXFileReference; lastKnownFileType = sourcecode.c.objc; path = MMDrawerVisualState.m; sourceTree = "<group>"; };
		D85082C41CBCF42400FDB961 /* MMExampleDrawerVisualStateManager.h */ = {isa = PBXFileReference; lastKnownFileType = sourcecode.c.h; path = MMExampleDrawerVisualStateManager.h; sourceTree = "<group>"; };
		D85082C51CBCF42400FDB961 /* MMExampleDrawerVisualStateManager.m */ = {isa = PBXFileReference; lastKnownFileType = sourcecode.c.objc; path = MMExampleDrawerVisualStateManager.m; sourceTree = "<group>"; };
		D85082C61CBCF42400FDB961 /* UIViewController+MMDrawerController.h */ = {isa = PBXFileReference; lastKnownFileType = sourcecode.c.h; path = "UIViewController+MMDrawerController.h"; sourceTree = "<group>"; };
		D85082C71CBCF42400FDB961 /* UIViewController+MMDrawerController.m */ = {isa = PBXFileReference; lastKnownFileType = sourcecode.c.objc; path = "UIViewController+MMDrawerController.m"; sourceTree = "<group>"; };
		D85082C81CBCF42400FDB961 /* RCCDrawerController.h */ = {isa = PBXFileReference; lastKnownFileType = sourcecode.c.h; path = RCCDrawerController.h; sourceTree = "<group>"; };
		D85082CA1CBCF54200FDB961 /* RCCDrawerHelper.h */ = {isa = PBXFileReference; fileEncoding = 4; lastKnownFileType = sourcecode.c.h; path = RCCDrawerHelper.h; sourceTree = "<group>"; };
		D85082CB1CBCF54200FDB961 /* RCCDrawerHelper.m */ = {isa = PBXFileReference; fileEncoding = 4; lastKnownFileType = sourcecode.c.objc; path = RCCDrawerHelper.m; sourceTree = "<group>"; };
		D85082CC1CBCF54200FDB961 /* RCCDrawerProtocol.h */ = {isa = PBXFileReference; fileEncoding = 4; lastKnownFileType = sourcecode.c.h; path = RCCDrawerProtocol.h; sourceTree = "<group>"; };
		D85082CD1CBCF54200FDB961 /* RCCTheSideBarManagerViewController.h */ = {isa = PBXFileReference; fileEncoding = 4; lastKnownFileType = sourcecode.c.h; path = RCCTheSideBarManagerViewController.h; sourceTree = "<group>"; };
		D85082CE1CBCF54200FDB961 /* RCCTheSideBarManagerViewController.m */ = {isa = PBXFileReference; fileEncoding = 4; lastKnownFileType = sourcecode.c.objc; path = RCCTheSideBarManagerViewController.m; sourceTree = "<group>"; };
		D85082D11CBCF54200FDB961 /* SidebarAirbnbAnimation.h */ = {isa = PBXFileReference; fileEncoding = 4; lastKnownFileType = sourcecode.c.h; path = SidebarAirbnbAnimation.h; sourceTree = "<group>"; };
		D85082D21CBCF54200FDB961 /* SidebarAirbnbAnimation.m */ = {isa = PBXFileReference; fileEncoding = 4; lastKnownFileType = sourcecode.c.objc; path = SidebarAirbnbAnimation.m; sourceTree = "<group>"; };
		D85082D31CBCF54200FDB961 /* SidebarAnimation.h */ = {isa = PBXFileReference; fileEncoding = 4; lastKnownFileType = sourcecode.c.h; path = SidebarAnimation.h; sourceTree = "<group>"; };
		D85082D41CBCF54200FDB961 /* SidebarAnimation.m */ = {isa = PBXFileReference; fileEncoding = 4; lastKnownFileType = sourcecode.c.objc; path = SidebarAnimation.m; sourceTree = "<group>"; };
		D85082D51CBCF54200FDB961 /* SidebarFacebookAnimation.h */ = {isa = PBXFileReference; fileEncoding = 4; lastKnownFileType = sourcecode.c.h; path = SidebarFacebookAnimation.h; sourceTree = "<group>"; };
		D85082D61CBCF54200FDB961 /* SidebarFacebookAnimation.m */ = {isa = PBXFileReference; fileEncoding = 4; lastKnownFileType = sourcecode.c.objc; path = SidebarFacebookAnimation.m; sourceTree = "<group>"; };
		D85082D71CBCF54200FDB961 /* SidebarFeedlyAnimation.h */ = {isa = PBXFileReference; fileEncoding = 4; lastKnownFileType = sourcecode.c.h; path = SidebarFeedlyAnimation.h; sourceTree = "<group>"; };
		D85082D81CBCF54200FDB961 /* SidebarFeedlyAnimation.m */ = {isa = PBXFileReference; fileEncoding = 4; lastKnownFileType = sourcecode.c.objc; path = SidebarFeedlyAnimation.m; sourceTree = "<group>"; };
		D85082D91CBCF54200FDB961 /* SidebarFlipboardAnimation.h */ = {isa = PBXFileReference; fileEncoding = 4; lastKnownFileType = sourcecode.c.h; path = SidebarFlipboardAnimation.h; sourceTree = "<group>"; };
		D85082DA1CBCF54200FDB961 /* SidebarFlipboardAnimation.m */ = {isa = PBXFileReference; fileEncoding = 4; lastKnownFileType = sourcecode.c.objc; path = SidebarFlipboardAnimation.m; sourceTree = "<group>"; };
		D85082DB1CBCF54200FDB961 /* SidebarLuvocracyAnimation.h */ = {isa = PBXFileReference; fileEncoding = 4; lastKnownFileType = sourcecode.c.h; path = SidebarLuvocracyAnimation.h; sourceTree = "<group>"; };
		D85082DC1CBCF54200FDB961 /* SidebarLuvocracyAnimation.m */ = {isa = PBXFileReference; fileEncoding = 4; lastKnownFileType = sourcecode.c.objc; path = SidebarLuvocracyAnimation.m; sourceTree = "<group>"; };
		D85082DD1CBCF54200FDB961 /* SidebarWunderlistAnimation.h */ = {isa = PBXFileReference; fileEncoding = 4; lastKnownFileType = sourcecode.c.h; path = SidebarWunderlistAnimation.h; sourceTree = "<group>"; };
		D85082DE1CBCF54200FDB961 /* SidebarWunderlistAnimation.m */ = {isa = PBXFileReference; fileEncoding = 4; lastKnownFileType = sourcecode.c.objc; path = SidebarWunderlistAnimation.m; sourceTree = "<group>"; };
		D85082DF1CBCF54200FDB961 /* TheSidebarController.h */ = {isa = PBXFileReference; fileEncoding = 4; lastKnownFileType = sourcecode.c.h; path = TheSidebarController.h; sourceTree = "<group>"; };
		D85082E01CBCF54200FDB961 /* TheSidebarController.m */ = {isa = PBXFileReference; fileEncoding = 4; lastKnownFileType = sourcecode.c.objc; path = TheSidebarController.m; sourceTree = "<group>"; };
		D8AFADBD1BEE6F3F00A4592D /* libReactNativeControllers.a */ = {isa = PBXFileReference; explicitFileType = archive.ar; includeInIndex = 0; path = libReactNativeControllers.a; sourceTree = BUILT_PRODUCTS_DIR; };
		D8D779961D04B7180050CFEA /* RCTHelpers.h */ = {isa = PBXFileReference; fileEncoding = 4; lastKnownFileType = sourcecode.c.h; path = RCTHelpers.h; sourceTree = "<group>"; };
		D8D779971D04B7180050CFEA /* RCTHelpers.m */ = {isa = PBXFileReference; fileEncoding = 4; lastKnownFileType = sourcecode.c.objc; path = RCTHelpers.m; sourceTree = "<group>"; };
		D8E11C561CBD1F670018B644 /* RCCDrawerController.m */ = {isa = PBXFileReference; fileEncoding = 4; lastKnownFileType = sourcecode.c.objc; path = RCCDrawerController.m; sourceTree = "<group>"; };
/* End PBXFileReference section */

/* Begin PBXFrameworksBuildPhase section */
		D8AFADBA1BEE6F3F00A4592D /* Frameworks */ = {
			isa = PBXFrameworksBuildPhase;
			buildActionMask = 2147483647;
			files = (
			);
			runOnlyForDeploymentPostprocessing = 0;
		};
/* End PBXFrameworksBuildPhase section */

/* Begin PBXGroup section */
		260804D51CE0D7090094DBA1 /* RCCToolBar */ = {
			isa = PBXGroup;
			children = (
				260804D91CE0D9D20094DBA1 /* RCCToolBar.h */,
				260804DA1CE0D9D20094DBA1 /* RCCToolBar.m */,
			);
			path = RCCToolBar;
			sourceTree = "<group>";
		};
		87382E311D59C5EB0024F795 /* UIBarButtonItemBadge */ = {
			isa = PBXGroup;
			children = (
				87D2DE231D675C9900F44EDA /* KVOController.h */,
				87D2DE241D675C9900F44EDA /* NSObject+FBKVOController.h */,
				87D2DE251D675C9900F44EDA /* NSObject+FBKVOController.m */,
				87382E321D59C5EB0024F795 /* UIBarButtonItem+Badge.h */,
				87382E331D59C5EB0024F795 /* UIBarButtonItem+Badge.m */,
				87D2DE201D675C1200F44EDA /* FBKVOController.h */,
				87D2DE211D675C1200F44EDA /* FBKVOController.m */,
			);
			path = UIBarButtonItemBadge;
			sourceTree = "<group>";
		};
		87B2A10F1D5372B4001AAE68 /* ADTransitionController */ = {
			isa = PBXGroup;
			children = (
				87B2A1101D5372B4001AAE68 /* ADBackFadeTransition.h */,
				87B2A1111D5372B4001AAE68 /* ADBackFadeTransition.m */,
				87B2A1121D5372B4001AAE68 /* ADCarrouselTransition.h */,
				87B2A1131D5372B4001AAE68 /* ADCarrouselTransition.m */,
				87B2A1141D5372B4001AAE68 /* ADCrossTransition.h */,
				87B2A1151D5372B4001AAE68 /* ADCrossTransition.m */,
				87B2A1161D5372B4001AAE68 /* ADCubeTransition.h */,
				87B2A1171D5372B4001AAE68 /* ADCubeTransition.m */,
				87B2A1181D5372B4001AAE68 /* ADDualTransition.h */,
				87B2A1191D5372B4001AAE68 /* ADDualTransition.m */,
				87B2A11A1D5372B4001AAE68 /* ADFadeTransition.h */,
				87B2A11B1D5372B4001AAE68 /* ADFadeTransition.m */,
				87B2A11C1D5372B4001AAE68 /* ADFlipTransition.h */,
				87B2A11D1D5372B4001AAE68 /* ADFlipTransition.m */,
				87B2A11E1D5372B4001AAE68 /* ADFoldTransition.h */,
				87B2A11F1D5372B4001AAE68 /* ADFoldTransition.m */,
				87B2A1201D5372B4001AAE68 /* ADGhostTransition.h */,
				87B2A1211D5372B4001AAE68 /* ADGhostTransition.m */,
				87B2A1221D5372B4001AAE68 /* ADGlueTransition.h */,
				87B2A1231D5372B4001AAE68 /* ADGlueTransition.m */,
				87B2A1241D5372B4001AAE68 /* ADModernPushTransition.h */,
				87B2A1251D5372B4001AAE68 /* ADModernPushTransition.m */,
				87B2A1261D5372B4001AAE68 /* ADNavigationControllerDelegate.h */,
				87B2A1271D5372B4001AAE68 /* ADNavigationControllerDelegate.m */,
				87B2A1281D5372B4001AAE68 /* ADPushRotateTransition.h */,
				87B2A1291D5372B4001AAE68 /* ADPushRotateTransition.m */,
				87B2A12A1D5372B4001AAE68 /* ADScaleTransition.h */,
				87B2A12B1D5372B4001AAE68 /* ADScaleTransition.m */,
				87B2A12C1D5372B4001AAE68 /* ADSlideTransition.h */,
				87B2A12D1D5372B4001AAE68 /* ADSlideTransition.m */,
				87B2A12E1D5372B4001AAE68 /* ADSwapTransition.h */,
				87B2A12F1D5372B4001AAE68 /* ADSwapTransition.m */,
				87B2A1301D5372B4001AAE68 /* ADSwipeFadeTransition.h */,
				87B2A1311D5372B4001AAE68 /* ADSwipeFadeTransition.m */,
				87B2A1321D5372B4001AAE68 /* ADSwipeTransition.h */,
				87B2A1331D5372B4001AAE68 /* ADSwipeTransition.m */,
				87B2A1341D5372B4001AAE68 /* ADTransformTransition.h */,
				87B2A1351D5372B4001AAE68 /* ADTransformTransition.m */,
				87B2A1361D5372B4001AAE68 /* ADTransition.h */,
				87B2A1371D5372B4001AAE68 /* ADTransition.m */,
				87B2A1381D5372B4001AAE68 /* ADTransitionController.h */,
				87B2A1391D5372B4001AAE68 /* ADTransitionController.m */,
				87B2A13A1D5372B4001AAE68 /* ADTransitioningDelegate.h */,
				87B2A13B1D5372B4001AAE68 /* ADTransitioningDelegate.m */,
				87B2A13C1D5372B4001AAE68 /* ADTransitioningViewController.h */,
				87B2A13D1D5372B4001AAE68 /* ADTransitioningViewController.m */,
				87B2A13E1D5372B4001AAE68 /* ADZoomTransition.h */,
				87B2A13F1D5372B4001AAE68 /* ADZoomTransition.m */,
				87B2A1401D5372B4001AAE68 /* UIViewController+ADTransitionController.h */,
				87B2A1411D5372B4001AAE68 /* UIViewController+ADTransitionController.m */,
			);
			name = ADTransitionController;
			path = RNCubeController/ADTransitionController;
			sourceTree = "<group>";
		};
		D85082BB1CBCF42400FDB961 /* RCCDrawerController */ = {
			isa = PBXGroup;
			children = (
				D85082CF1CBCF54200FDB961 /* TheSidebarController */,
				D85082BC1CBCF42400FDB961 /* MMDrawerController */,
				D85082CA1CBCF54200FDB961 /* RCCDrawerHelper.h */,
				D85082CB1CBCF54200FDB961 /* RCCDrawerHelper.m */,
				D85082CC1CBCF54200FDB961 /* RCCDrawerProtocol.h */,
				D85082CD1CBCF54200FDB961 /* RCCTheSideBarManagerViewController.h */,
				D85082CE1CBCF54200FDB961 /* RCCTheSideBarManagerViewController.m */,
				D85082C81CBCF42400FDB961 /* RCCDrawerController.h */,
				D8E11C561CBD1F670018B644 /* RCCDrawerController.m */,
			);
			path = RCCDrawerController;
			sourceTree = "<group>";
		};
		D85082BC1CBCF42400FDB961 /* MMDrawerController */ = {
			isa = PBXGroup;
			children = (
				D85082BD1CBCF42400FDB961 /* MMDrawerBarButtonItem.h */,
				D85082BE1CBCF42400FDB961 /* MMDrawerBarButtonItem.m */,
				D85082BF1CBCF42400FDB961 /* MMDrawerController+Subclass.h */,
				D85082C01CBCF42400FDB961 /* MMDrawerController.h */,
				D85082C11CBCF42400FDB961 /* MMDrawerController.m */,
				D85082C21CBCF42400FDB961 /* MMDrawerVisualState.h */,
				D85082C31CBCF42400FDB961 /* MMDrawerVisualState.m */,
				D85082C41CBCF42400FDB961 /* MMExampleDrawerVisualStateManager.h */,
				D85082C51CBCF42400FDB961 /* MMExampleDrawerVisualStateManager.m */,
				D85082C61CBCF42400FDB961 /* UIViewController+MMDrawerController.h */,
				D85082C71CBCF42400FDB961 /* UIViewController+MMDrawerController.m */,
			);
			path = MMDrawerController;
			sourceTree = "<group>";
		};
		D85082CF1CBCF54200FDB961 /* TheSidebarController */ = {
			isa = PBXGroup;
			children = (
				D85082D01CBCF54200FDB961 /* Animations */,
				D85082DF1CBCF54200FDB961 /* TheSidebarController.h */,
				D85082E01CBCF54200FDB961 /* TheSidebarController.m */,
			);
			path = TheSidebarController;
			sourceTree = "<group>";
		};
		D85082D01CBCF54200FDB961 /* Animations */ = {
			isa = PBXGroup;
			children = (
				D85082D11CBCF54200FDB961 /* SidebarAirbnbAnimation.h */,
				D85082D21CBCF54200FDB961 /* SidebarAirbnbAnimation.m */,
				D85082D31CBCF54200FDB961 /* SidebarAnimation.h */,
				D85082D41CBCF54200FDB961 /* SidebarAnimation.m */,
				D85082D51CBCF54200FDB961 /* SidebarFacebookAnimation.h */,
				D85082D61CBCF54200FDB961 /* SidebarFacebookAnimation.m */,
				D85082D71CBCF54200FDB961 /* SidebarFeedlyAnimation.h */,
				D85082D81CBCF54200FDB961 /* SidebarFeedlyAnimation.m */,
				D85082D91CBCF54200FDB961 /* SidebarFlipboardAnimation.h */,
				D85082DA1CBCF54200FDB961 /* SidebarFlipboardAnimation.m */,
				D85082DB1CBCF54200FDB961 /* SidebarLuvocracyAnimation.h */,
				D85082DC1CBCF54200FDB961 /* SidebarLuvocracyAnimation.m */,
				D85082DD1CBCF54200FDB961 /* SidebarWunderlistAnimation.h */,
				D85082DE1CBCF54200FDB961 /* SidebarWunderlistAnimation.m */,
			);
			path = Animations;
			sourceTree = "<group>";
		};
		D8AFADB41BEE6F3F00A4592D = {
			isa = PBXGroup;
			children = (
				87E94A221D65B78600B26FD6 /* UINavigationBar+PassTouches.h */,
				87E94A231D65B78600B26FD6 /* UINavigationBar+PassTouches.m */,
				87264E7F1D5CCA040038D088 /* UIViewController+NavBarButtons.h */,
				87264E801D5CCA040038D088 /* UIViewController+NavBarButtons.m */,
				87382E311D59C5EB0024F795 /* UIBarButtonItemBadge */,
				87B2A10F1D5372B4001AAE68 /* ADTransitionController */,
				87B2A1421D5372B4001AAE68 /* RNCubeController.h */,
				87B2A1431D5372B4001AAE68 /* RNCubeController.m */,
				D8D779951D04B7180050CFEA /* Helpers */,
				260804D51CE0D7090094DBA1 /* RCCToolBar */,
				D85082BB1CBCF42400FDB961 /* RCCDrawerController */,
				CC84A1931C1A0C4E00B3A6A2 /* RCCManager.h */,
				CC84A1941C1A0C4E00B3A6A2 /* RCCManager.m */,
				CC84A1951C1A0C4E00B3A6A2 /* RCCManagerModule.h */,
				CC84A1961C1A0C4E00B3A6A2 /* RCCManagerModule.m */,
				CC84A1971C1A0C4E00B3A6A2 /* RCCNavigationController.h */,
				CC84A1981C1A0C4E00B3A6A2 /* RCCNavigationController.m */,
				CC84A1991C1A0C4E00B3A6A2 /* RCCTabBarController.h */,
				CC84A19A1C1A0C4E00B3A6A2 /* RCCTabBarController.m */,
				CC84A19B1C1A0C4E00B3A6A2 /* RCCViewController.h */,
				CC84A19C1C1A0C4E00B3A6A2 /* RCCViewController.m */,
				D84813171C8C5EB700051BAF /* RCCLightBox.h */,
				D84813181C8C5EB700051BAF /* RCCLightBox.m */,
				D800E8171CFED1DB004A187F /* RCCExternalViewControllerProtocol.h */,
				D83514F41D29719A00D53758 /* RCCNotification.h */,
				D83514F51D29719A00D53758 /* RCCNotification.m */,
				D68557901D541779004D1904 /* UIViewController+RCCBackButtonHandler.h */,
				D68557911D54177A004D1904 /* UIViewController+RCCBackButtonHandler.m */,
				87382E381D5B600C0024F795 /* RCCEventEmitter.h */,
				87382E391D5B600C0024F795 /* RCCEventEmitter.m */,
				D8AFADBE1BEE6F3F00A4592D /* Products */,
			);
			sourceTree = "<group>";
		};
		D8AFADBE1BEE6F3F00A4592D /* Products */ = {
			isa = PBXGroup;
			children = (
				D8AFADBD1BEE6F3F00A4592D /* libReactNativeControllers.a */,
			);
			name = Products;
			sourceTree = "<group>";
		};
		D8D779951D04B7180050CFEA /* Helpers */ = {
			isa = PBXGroup;
			children = (
				875EC3D41DA3D60D008224B9 /* RCCTitleViewHelper.h */,
				875EC3D51DA3D60D008224B9 /* RCCTitleViewHelper.m */,
				D8D779961D04B7180050CFEA /* RCTHelpers.h */,
				D8D779971D04B7180050CFEA /* RCTHelpers.m */,
			);
			path = Helpers;
			sourceTree = "<group>";
		};
/* End PBXGroup section */

/* Begin PBXNativeTarget section */
		D8AFADBC1BEE6F3F00A4592D /* ReactNativeControllers */ = {
			isa = PBXNativeTarget;
			buildConfigurationList = D8AFADC61BEE6F3F00A4592D /* Build configuration list for PBXNativeTarget "ReactNativeControllers" */;
			buildPhases = (
				D8AFADB91BEE6F3F00A4592D /* Sources */,
				D8AFADBA1BEE6F3F00A4592D /* Frameworks */,
				D8AFADBB1BEE6F3F00A4592D /* CopyFiles */,
			);
			buildRules = (
			);
			dependencies = (
			);
			name = ReactNativeControllers;
			productName = libReactContacts;
			productReference = D8AFADBD1BEE6F3F00A4592D /* libReactNativeControllers.a */;
			productType = "com.apple.product-type.library.static";
		};
/* End PBXNativeTarget section */

/* Begin PBXProject section */
		D8AFADB51BEE6F3F00A4592D /* Project object */ = {
			isa = PBXProject;
			attributes = {
				LastUpgradeCheck = 0710;
				ORGANIZATIONNAME = artal;
				TargetAttributes = {
					D8AFADBC1BEE6F3F00A4592D = {
						CreatedOnToolsVersion = 7.1;
					};
				};
			};
			buildConfigurationList = D8AFADB81BEE6F3F00A4592D /* Build configuration list for PBXProject "ReactNativeControllers" */;
			compatibilityVersion = "Xcode 3.2";
			developmentRegion = English;
			hasScannedForEncodings = 0;
			knownRegions = (
				en,
			);
			mainGroup = D8AFADB41BEE6F3F00A4592D;
			productRefGroup = D8AFADBE1BEE6F3F00A4592D /* Products */;
			projectDirPath = "";
			projectRoot = "";
			targets = (
				D8AFADBC1BEE6F3F00A4592D /* ReactNativeControllers */,
			);
		};
/* End PBXProject section */

/* Begin PBXSourcesBuildPhase section */
		D8AFADB91BEE6F3F00A4592D /* Sources */ = {
			isa = PBXSourcesBuildPhase;
			buildActionMask = 2147483647;
			files = (
				D85082EA1CBCF54200FDB961 /* TheSidebarController.m in Sources */,
				87B2A1571D5372B4001AAE68 /* ADTransition.m in Sources */,
				87B2A1481D5372B4001AAE68 /* ADDualTransition.m in Sources */,
				87B2A1511D5372B4001AAE68 /* ADScaleTransition.m in Sources */,
				87B2A1451D5372B4001AAE68 /* ADCarrouselTransition.m in Sources */,
				CC84A1A01C1A0C4E00B3A6A2 /* RCCNavigationController.m in Sources */,
				D83514F61D29719A00D53758 /* RCCNotification.m in Sources */,
				CC84A19F1C1A0C4E00B3A6A2 /* RCCManagerModule.m in Sources */,
				87E94A241D65B78600B26FD6 /* UINavigationBar+PassTouches.m in Sources */,
				87B2A1441D5372B4001AAE68 /* ADBackFadeTransition.m in Sources */,
				87B2A14C1D5372B4001AAE68 /* ADGhostTransition.m in Sources */,
				D8D779981D04B7180050CFEA /* RCTHelpers.m in Sources */,
				87B2A14A1D5372B4001AAE68 /* ADFlipTransition.m in Sources */,
				D85082E81CBCF54200FDB961 /* SidebarLuvocracyAnimation.m in Sources */,
				87B2A1581D5372B4001AAE68 /* ADTransitionController.m in Sources */,
				D85082E31CBCF54200FDB961 /* SidebarAirbnbAnimation.m in Sources */,
				D84813191C8C5EB700051BAF /* RCCLightBox.m in Sources */,
				87B2A14F1D5372B4001AAE68 /* ADNavigationControllerDelegate.m in Sources */,
				87B2A1521D5372B4001AAE68 /* ADSlideTransition.m in Sources */,
				87B2A1471D5372B4001AAE68 /* ADCubeTransition.m in Sources */,
				87B2A1591D5372B4001AAE68 /* ADTransitioningDelegate.m in Sources */,
				CC84A19E1C1A0C4E00B3A6A2 /* RCCManager.m in Sources */,
				87B2A1561D5372B4001AAE68 /* ADTransformTransition.m in Sources */,
				D85082E21CBCF54200FDB961 /* RCCTheSideBarManagerViewController.m in Sources */,
				87B2A15A1D5372B4001AAE68 /* ADTransitioningViewController.m in Sources */,
				87264E811D5CCA040038D088 /* UIViewController+NavBarButtons.m in Sources */,
				D85082FC1CBCF8A800FDB961 /* MMDrawerBarButtonItem.m in Sources */,
				87B2A14D1D5372B4001AAE68 /* ADGlueTransition.m in Sources */,
				87382E361D59C5EB0024F795 /* UIBarButtonItem+Badge.m in Sources */,
				D85083001CBCF8A800FDB961 /* UIViewController+MMDrawerController.m in Sources */,
				87B2A1501D5372B4001AAE68 /* ADPushRotateTransition.m in Sources */,
				D85082FF1CBCF8A800FDB961 /* MMExampleDrawerVisualStateManager.m in Sources */,
				87B2A14E1D5372B4001AAE68 /* ADModernPushTransition.m in Sources */,
				87B2A1491D5372B4001AAE68 /* ADFadeTransition.m in Sources */,
				D85082E61CBCF54200FDB961 /* SidebarFeedlyAnimation.m in Sources */,
				CC84A1A11C1A0C4E00B3A6A2 /* RCCTabBarController.m in Sources */,
				D85082E71CBCF54200FDB961 /* SidebarFlipboardAnimation.m in Sources */,
				87D2DE221D675C1200F44EDA /* FBKVOController.m in Sources */,
				D85082E51CBCF54200FDB961 /* SidebarFacebookAnimation.m in Sources */,
				CC84A1A21C1A0C4E00B3A6A2 /* RCCViewController.m in Sources */,
				D85082E91CBCF54200FDB961 /* SidebarWunderlistAnimation.m in Sources */,
				87B2A15D1D5372B4001AAE68 /* RNCubeController.m in Sources */,
				87B2A15B1D5372B4001AAE68 /* ADZoomTransition.m in Sources */,
				87B2A15C1D5372B4001AAE68 /* UIViewController+ADTransitionController.m in Sources */,
				D85082E11CBCF54200FDB961 /* RCCDrawerHelper.m in Sources */,
				D85082FE1CBCF8A800FDB961 /* MMDrawerVisualState.m in Sources */,
				875EC3D61DA3D60D008224B9 /* RCCTitleViewHelper.m in Sources */,
				D85082FD1CBCF8A800FDB961 /* MMDrawerController.m in Sources */,
				87B2A1461D5372B4001AAE68 /* ADCrossTransition.m in Sources */,
				87B2A14B1D5372B4001AAE68 /* ADFoldTransition.m in Sources */,
				87382E3A1D5B600C0024F795 /* RCCEventEmitter.m in Sources */,
				D85082E41CBCF54200FDB961 /* SidebarAnimation.m in Sources */,
				87B2A1531D5372B4001AAE68 /* ADSwapTransition.m in Sources */,
				87D2DE261D675C9900F44EDA /* NSObject+FBKVOController.m in Sources */,
				D68557921D54177A004D1904 /* UIViewController+RCCBackButtonHandler.m in Sources */,
				D8E11C571CBD1F670018B644 /* RCCDrawerController.m in Sources */,
				87B2A1541D5372B4001AAE68 /* ADSwipeFadeTransition.m in Sources */,
				260804DB1CE0D9D20094DBA1 /* RCCToolBar.m in Sources */,
				87B2A1551D5372B4001AAE68 /* ADSwipeTransition.m in Sources */,
			);
			runOnlyForDeploymentPostprocessing = 0;
		};
/* End PBXSourcesBuildPhase section */

/* Begin XCBuildConfiguration section */
		D8AFADC41BEE6F3F00A4592D /* Debug */ = {
			isa = XCBuildConfiguration;
			buildSettings = {
				ALWAYS_SEARCH_USER_PATHS = NO;
				CLANG_CXX_LANGUAGE_STANDARD = "gnu++0x";
				CLANG_CXX_LIBRARY = "libc++";
				CLANG_ENABLE_MODULES = YES;
				CLANG_ENABLE_OBJC_ARC = YES;
				CLANG_WARN_BOOL_CONVERSION = YES;
				CLANG_WARN_CONSTANT_CONVERSION = YES;
				CLANG_WARN_DIRECT_OBJC_ISA_USAGE = YES_ERROR;
				CLANG_WARN_EMPTY_BODY = YES;
				CLANG_WARN_ENUM_CONVERSION = YES;
				CLANG_WARN_INT_CONVERSION = YES;
				CLANG_WARN_OBJC_ROOT_CLASS = YES_ERROR;
				CLANG_WARN_UNREACHABLE_CODE = YES;
				CLANG_WARN__DUPLICATE_METHOD_MATCH = YES;
				"CODE_SIGN_IDENTITY[sdk=iphoneos*]" = "iPhone Developer";
				COPY_PHASE_STRIP = NO;
				DEBUG_INFORMATION_FORMAT = dwarf;
				ENABLE_STRICT_OBJC_MSGSEND = YES;
				ENABLE_TESTABILITY = YES;
				GCC_C_LANGUAGE_STANDARD = gnu99;
				GCC_DYNAMIC_NO_PIC = NO;
				GCC_NO_COMMON_BLOCKS = YES;
				GCC_OPTIMIZATION_LEVEL = 0;
				GCC_PREPROCESSOR_DEFINITIONS = (
					"DEBUG=1",
					"$(inherited)",
				);
				GCC_WARN_64_TO_32_BIT_CONVERSION = YES;
				GCC_WARN_ABOUT_RETURN_TYPE = YES_ERROR;
				GCC_WARN_UNDECLARED_SELECTOR = YES;
				GCC_WARN_UNINITIALIZED_AUTOS = YES_AGGRESSIVE;
				GCC_WARN_UNUSED_FUNCTION = YES;
				GCC_WARN_UNUSED_VARIABLE = YES;
				HEADER_SEARCH_PATHS = (
					"$(inherited)",
					"$(SRCROOT)/../../react-native/React/**",
				);
				IPHONEOS_DEPLOYMENT_TARGET = 8.0;
				MTL_ENABLE_DEBUG_INFO = YES;
				ONLY_ACTIVE_ARCH = YES;
				SDKROOT = iphoneos;
			};
			name = Debug;
		};
		D8AFADC51BEE6F3F00A4592D /* Release */ = {
			isa = XCBuildConfiguration;
			buildSettings = {
				ALWAYS_SEARCH_USER_PATHS = NO;
				CLANG_CXX_LANGUAGE_STANDARD = "gnu++0x";
				CLANG_CXX_LIBRARY = "libc++";
				CLANG_ENABLE_MODULES = YES;
				CLANG_ENABLE_OBJC_ARC = YES;
				CLANG_WARN_BOOL_CONVERSION = YES;
				CLANG_WARN_CONSTANT_CONVERSION = YES;
				CLANG_WARN_DIRECT_OBJC_ISA_USAGE = YES_ERROR;
				CLANG_WARN_EMPTY_BODY = YES;
				CLANG_WARN_ENUM_CONVERSION = YES;
				CLANG_WARN_INT_CONVERSION = YES;
				CLANG_WARN_OBJC_ROOT_CLASS = YES_ERROR;
				CLANG_WARN_UNREACHABLE_CODE = YES;
				CLANG_WARN__DUPLICATE_METHOD_MATCH = YES;
				"CODE_SIGN_IDENTITY[sdk=iphoneos*]" = "iPhone Developer";
				COPY_PHASE_STRIP = NO;
				DEBUG_INFORMATION_FORMAT = "dwarf-with-dsym";
				ENABLE_NS_ASSERTIONS = NO;
				ENABLE_STRICT_OBJC_MSGSEND = YES;
				GCC_C_LANGUAGE_STANDARD = gnu99;
				GCC_NO_COMMON_BLOCKS = YES;
				GCC_WARN_64_TO_32_BIT_CONVERSION = YES;
				GCC_WARN_ABOUT_RETURN_TYPE = YES_ERROR;
				GCC_WARN_UNDECLARED_SELECTOR = YES;
				GCC_WARN_UNINITIALIZED_AUTOS = YES_AGGRESSIVE;
				GCC_WARN_UNUSED_FUNCTION = YES;
				GCC_WARN_UNUSED_VARIABLE = YES;
				HEADER_SEARCH_PATHS = (
					"$(inherited)",
					"$(SRCROOT)/../../react-native/React/**",
				);
				IPHONEOS_DEPLOYMENT_TARGET = 8.0;
				MTL_ENABLE_DEBUG_INFO = NO;
				SDKROOT = iphoneos;
				VALIDATE_PRODUCT = YES;
			};
			name = Release;
		};
		D8AFADC71BEE6F3F00A4592D /* Debug */ = {
			isa = XCBuildConfiguration;
			buildSettings = {
				HEADER_SEARCH_PATHS = (
					"$(inherited)",
					"$(SRCROOT)/../../react-native/React/**",
				);
				OTHER_LDFLAGS = "-ObjC";
				PRODUCT_NAME = "$(TARGET_NAME)";
				SKIP_INSTALL = YES;
			};
			name = Debug;
		};
		D8AFADC81BEE6F3F00A4592D /* Release */ = {
			isa = XCBuildConfiguration;
			buildSettings = {
				HEADER_SEARCH_PATHS = (
					"$(inherited)",
					"$(SRCROOT)/../../react-native/React/**",
				);
				OTHER_LDFLAGS = "-ObjC";
				PRODUCT_NAME = "$(TARGET_NAME)";
				SKIP_INSTALL = YES;
			};
			name = Release;
		};
/* End XCBuildConfiguration section */

/* Begin XCConfigurationList section */
		D8AFADB81BEE6F3F00A4592D /* Build configuration list for PBXProject "ReactNativeControllers" */ = {
			isa = XCConfigurationList;
			buildConfigurations = (
				D8AFADC41BEE6F3F00A4592D /* Debug */,
				D8AFADC51BEE6F3F00A4592D /* Release */,
			);
			defaultConfigurationIsVisible = 0;
			defaultConfigurationName = Release;
		};
		D8AFADC61BEE6F3F00A4592D /* Build configuration list for PBXNativeTarget "ReactNativeControllers" */ = {
			isa = XCConfigurationList;
			buildConfigurations = (
				D8AFADC71BEE6F3F00A4592D /* Debug */,
				D8AFADC81BEE6F3F00A4592D /* Release */,
			);
			defaultConfigurationIsVisible = 0;
			defaultConfigurationName = Release;
		};
/* End XCConfigurationList section */
	};
	rootObject = D8AFADB51BEE6F3F00A4592D /* Project object */;
}
